
Microsoft Visual Studio Solution File, Format Version 12.00
# Visual Studio Version 16
VisualStudioVersion = 16.0.31727.386
MinimumVisualStudioVersion = 10.0.40219.1
Project("{9A19103F-16F7-4668-BE54-9A1E7A4F7556}") = "VDEM.WEB.APP", "VDEM.WEB.APP\VDEM.WEB.APP.csproj", "{799D01C5-4BA0-4767-9E73-29C9451FE570}"
EndProject
Project("{9A19103F-16F7-4668-BE54-9A1E7A4F7556}") = "VDEM.Lib.BusinessLogic", "VDEM.Lib.BusinessLogic\VDEM.Lib.BusinessLogic.csproj", "{013C0CCD-CCC1-4301-B3E8-A2556F2F9B84}"
EndProject
Project("{9A19103F-16F7-4668-BE54-9A1E7A4F7556}") = "VDEM.Lib.Database", "VDEM.Lib.Database\VDEM.Lib.Database.csproj", "{78A88B3E-5F2D-4100-8213-BC6C2B47C95E}"
EndProject
Project("{9A19103F-16F7-4668-BE54-9A1E7A4F7556}") = "VDEM.Lib.Interface", "VDEM.Lib.Interface\VDEM.Lib.Interface.csproj", "{57E0DFE9-EC40-46D4-95BE-E522A809C43A}"
EndProject
Global
	GlobalSection(SolutionConfigurationPlatforms) = preSolution
		Debug|Any CPU = Debug|Any CPU
		Debug|ARM = Debug|ARM
		Debug|iPhone = Debug|iPhone
		Debug|iPhoneSimulator = Debug|iPhoneSimulator
		Debug|x64 = Debug|x64
		Debug|x86 = Debug|x86
		DebugLocal|Any CPU = DebugLocal|Any CPU
		DebugLocal|ARM = DebugLocal|ARM
		DebugLocal|iPhone = DebugLocal|iPhone
		DebugLocal|iPhoneSimulator = DebugLocal|iPhoneSimulator
		DebugLocal|x64 = DebugLocal|x64
		DebugLocal|x86 = DebugLocal|x86
		Release|Any CPU = Release|Any CPU
		Release|ARM = Release|ARM
		Release|iPhone = Release|iPhone
		Release|iPhoneSimulator = Release|iPhoneSimulator
		Release|x64 = Release|x64
		Release|x86 = Release|x86
	EndGlobalSection
	GlobalSection(ProjectConfigurationPlatforms) = postSolution
		{799D01C5-4BA0-4767-9E73-29C9451FE570}.Debug|Any CPU.ActiveCfg = Debug|Any CPU
		{799D01C5-4BA0-4767-9E73-29C9451FE570}.Debug|Any CPU.Build.0 = Debug|Any CPU
		{799D01C5-4BA0-4767-9E73-29C9451FE570}.Debug|ARM.ActiveCfg = Debug|Any CPU
		{799D01C5-4BA0-4767-9E73-29C9451FE570}.Debug|ARM.Build.0 = Debug|Any CPU
		{799D01C5-4BA0-4767-9E73-29C9451FE570}.Debug|iPhone.ActiveCfg = Debug|Any CPU
		{799D01C5-4BA0-4767-9E73-29C9451FE570}.Debug|iPhone.Build.0 = Debug|Any CPU
		{799D01C5-4BA0-4767-9E73-29C9451FE570}.Debug|iPhoneSimulator.ActiveCfg = Debug|Any CPU
		{799D01C5-4BA0-4767-9E73-29C9451FE570}.Debug|iPhoneSimulator.Build.0 = Debug|Any CPU
		{799D01C5-4BA0-4767-9E73-29C9451FE570}.Debug|x64.ActiveCfg = Debug|Any CPU
		{799D01C5-4BA0-4767-9E73-29C9451FE570}.Debug|x64.Build.0 = Debug|Any CPU
		{799D01C5-4BA0-4767-9E73-29C9451FE570}.Debug|x86.ActiveCfg = Debug|Any CPU
		{799D01C5-4BA0-4767-9E73-29C9451FE570}.Debug|x86.Build.0 = Debug|Any CPU
		{799D01C5-4BA0-4767-9E73-29C9451FE570}.DebugLocal|Any CPU.ActiveCfg = Debug|Any CPU
		{799D01C5-4BA0-4767-9E73-29C9451FE570}.DebugLocal|Any CPU.Build.0 = Debug|Any CPU
		{799D01C5-4BA0-4767-9E73-29C9451FE570}.DebugLocal|ARM.ActiveCfg = Debug|Any CPU
		{799D01C5-4BA0-4767-9E73-29C9451FE570}.DebugLocal|ARM.Build.0 = Debug|Any CPU
		{799D01C5-4BA0-4767-9E73-29C9451FE570}.DebugLocal|iPhone.ActiveCfg = Debug|Any CPU
		{799D01C5-4BA0-4767-9E73-29C9451FE570}.DebugLocal|iPhone.Build.0 = Debug|Any CPU
		{799D01C5-4BA0-4767-9E73-29C9451FE570}.DebugLocal|iPhoneSimulator.ActiveCfg = Debug|Any CPU
		{799D01C5-4BA0-4767-9E73-29C9451FE570}.DebugLocal|iPhoneSimulator.Build.0 = Debug|Any CPU
		{799D01C5-4BA0-4767-9E73-29C9451FE570}.DebugLocal|x64.ActiveCfg = Debug|Any CPU
		{799D01C5-4BA0-4767-9E73-29C9451FE570}.DebugLocal|x64.Build.0 = Debug|Any CPU
		{799D01C5-4BA0-4767-9E73-29C9451FE570}.DebugLocal|x86.ActiveCfg = Debug|Any CPU
		{799D01C5-4BA0-4767-9E73-29C9451FE570}.DebugLocal|x86.Build.0 = Debug|Any CPU
		{799D01C5-4BA0-4767-9E73-29C9451FE570}.Release|Any CPU.ActiveCfg = Release|Any CPU
		{799D01C5-4BA0-4767-9E73-29C9451FE570}.Release|Any CPU.Build.0 = Release|Any CPU
		{799D01C5-4BA0-4767-9E73-29C9451FE570}.Release|ARM.ActiveCfg = Release|Any CPU
		{799D01C5-4BA0-4767-9E73-29C9451FE570}.Release|ARM.Build.0 = Release|Any CPU
		{799D01C5-4BA0-4767-9E73-29C9451FE570}.Release|iPhone.ActiveCfg = Release|Any CPU
		{799D01C5-4BA0-4767-9E73-29C9451FE570}.Release|iPhone.Build.0 = Release|Any CPU
		{799D01C5-4BA0-4767-9E73-29C9451FE570}.Release|iPhoneSimulator.ActiveCfg = Release|Any CPU
		{799D01C5-4BA0-4767-9E73-29C9451FE570}.Release|iPhoneSimulator.Build.0 = Release|Any CPU
		{799D01C5-4BA0-4767-9E73-29C9451FE570}.Release|x64.ActiveCfg = Release|Any CPU
		{799D01C5-4BA0-4767-9E73-29C9451FE570}.Release|x64.Build.0 = Release|Any CPU
		{799D01C5-4BA0-4767-9E73-29C9451FE570}.Release|x86.ActiveCfg = Release|Any CPU
		{799D01C5-4BA0-4767-9E73-29C9451FE570}.Release|x86.Build.0 = Release|Any CPU
		{013C0CCD-CCC1-4301-B3E8-A2556F2F9B84}.Debug|Any CPU.ActiveCfg = Debug|Any CPU
		{013C0CCD-CCC1-4301-B3E8-A2556F2F9B84}.Debug|Any CPU.Build.0 = Debug|Any CPU
		{013C0CCD-CCC1-4301-B3E8-A2556F2F9B84}.Debug|ARM.ActiveCfg = Debug|Any CPU
		{013C0CCD-CCC1-4301-B3E8-A2556F2F9B84}.Debug|ARM.Build.0 = Debug|Any CPU
		{013C0CCD-CCC1-4301-B3E8-A2556F2F9B84}.Debug|iPhone.ActiveCfg = Debug|Any CPU
		{013C0CCD-CCC1-4301-B3E8-A2556F2F9B84}.Debug|iPhone.Build.0 = Debug|Any CPU
		{013C0CCD-CCC1-4301-B3E8-A2556F2F9B84}.Debug|iPhoneSimulator.ActiveCfg = Debug|Any CPU
		{013C0CCD-CCC1-4301-B3E8-A2556F2F9B84}.Debug|iPhoneSimulator.Build.0 = Debug|Any CPU
		{013C0CCD-CCC1-4301-B3E8-A2556F2F9B84}.Debug|x64.ActiveCfg = Debug|Any CPU
		{013C0CCD-CCC1-4301-B3E8-A2556F2F9B84}.Debug|x64.Build.0 = Debug|Any CPU
		{013C0CCD-CCC1-4301-B3E8-A2556F2F9B84}.Debug|x86.ActiveCfg = Debug|Any CPU
		{013C0CCD-CCC1-4301-B3E8-A2556F2F9B84}.Debug|x86.Build.0 = Debug|Any CPU
		{013C0CCD-CCC1-4301-B3E8-A2556F2F9B84}.DebugLocal|Any CPU.ActiveCfg = Debug|Any CPU
		{013C0CCD-CCC1-4301-B3E8-A2556F2F9B84}.DebugLocal|Any CPU.Build.0 = Debug|Any CPU
		{013C0CCD-CCC1-4301-B3E8-A2556F2F9B84}.DebugLocal|ARM.ActiveCfg = Debug|Any CPU
		{013C0CCD-CCC1-4301-B3E8-A2556F2F9B84}.DebugLocal|ARM.Build.0 = Debug|Any CPU
		{013C0CCD-CCC1-4301-B3E8-A2556F2F9B84}.DebugLocal|iPhone.ActiveCfg = Debug|Any CPU
		{013C0CCD-CCC1-4301-B3E8-A2556F2F9B84}.DebugLocal|iPhone.Build.0 = Debug|Any CPU
		{013C0CCD-CCC1-4301-B3E8-A2556F2F9B84}.DebugLocal|iPhoneSimulator.ActiveCfg = Debug|Any CPU
		{013C0CCD-CCC1-4301-B3E8-A2556F2F9B84}.DebugLocal|iPhoneSimulator.Build.0 = Debug|Any CPU
		{013C0CCD-CCC1-4301-B3E8-A2556F2F9B84}.DebugLocal|x64.ActiveCfg = Debug|Any CPU
		{013C0CCD-CCC1-4301-B3E8-A2556F2F9B84}.DebugLocal|x64.Build.0 = Debug|Any CPU
		{013C0CCD-CCC1-4301-B3E8-A2556F2F9B84}.DebugLocal|x86.ActiveCfg = Debug|Any CPU
		{013C0CCD-CCC1-4301-B3E8-A2556F2F9B84}.DebugLocal|x86.Build.0 = Debug|Any CPU
		{013C0CCD-CCC1-4301-B3E8-A2556F2F9B84}.Release|Any CPU.ActiveCfg = Release|Any CPU
		{013C0CCD-CCC1-4301-B3E8-A2556F2F9B84}.Release|Any CPU.Build.0 = Release|Any CPU
		{013C0CCD-CCC1-4301-B3E8-A2556F2F9B84}.Release|ARM.ActiveCfg = Release|Any CPU
		{013C0CCD-CCC1-4301-B3E8-A2556F2F9B84}.Release|ARM.Build.0 = Release|Any CPU
		{013C0CCD-CCC1-4301-B3E8-A2556F2F9B84}.Release|iPhone.ActiveCfg = Release|Any CPU
		{013C0CCD-CCC1-4301-B3E8-A2556F2F9B84}.Release|iPhone.Build.0 = Release|Any CPU
		{013C0CCD-CCC1-4301-B3E8-A2556F2F9B84}.Release|iPhoneSimulator.ActiveCfg = Release|Any CPU
		{013C0CCD-CCC1-4301-B3E8-A2556F2F9B84}.Release|iPhoneSimulator.Build.0 = Release|Any CPU
		{013C0CCD-CCC1-4301-B3E8-A2556F2F9B84}.Release|x64.ActiveCfg = Release|Any CPU
		{013C0CCD-CCC1-4301-B3E8-A2556F2F9B84}.Release|x64.Build.0 = Release|Any CPU
		{013C0CCD-CCC1-4301-B3E8-A2556F2F9B84}.Release|x86.ActiveCfg = Release|Any CPU
		{013C0CCD-CCC1-4301-B3E8-A2556F2F9B84}.Release|x86.Build.0 = Release|Any CPU
		{78A88B3E-5F2D-4100-8213-BC6C2B47C95E}.Debug|Any CPU.ActiveCfg = Debug|Any CPU
		{78A88B3E-5F2D-4100-8213-BC6C2B47C95E}.Debug|Any CPU.Build.0 = Debug|Any CPU
		{78A88B3E-5F2D-4100-8213-BC6C2B47C95E}.Debug|ARM.ActiveCfg = Debug|Any CPU
		{78A88B3E-5F2D-4100-8213-BC6C2B47C95E}.Debug|ARM.Build.0 = Debug|Any CPU
		{78A88B3E-5F2D-4100-8213-BC6C2B47C95E}.Debug|iPhone.ActiveCfg = Debug|Any CPU
		{78A88B3E-5F2D-4100-8213-BC6C2B47C95E}.Debug|iPhone.Build.0 = Debug|Any CPU
		{78A88B3E-5F2D-4100-8213-BC6C2B47C95E}.Debug|iPhoneSimulator.ActiveCfg = Debug|Any CPU
		{78A88B3E-5F2D-4100-8213-BC6C2B47C95E}.Debug|iPhoneSimulator.Build.0 = Debug|Any CPU
		{78A88B3E-5F2D-4100-8213-BC6C2B47C95E}.Debug|x64.ActiveCfg = Debug|Any CPU
		{78A88B3E-5F2D-4100-8213-BC6C2B47C95E}.Debug|x64.Build.0 = Debug|Any CPU
		{78A88B3E-5F2D-4100-8213-BC6C2B47C95E}.Debug|x86.ActiveCfg = Debug|Any CPU
		{78A88B3E-5F2D-4100-8213-BC6C2B47C95E}.Debug|x86.Build.0 = Debug|Any CPU
		{78A88B3E-5F2D-4100-8213-BC6C2B47C95E}.DebugLocal|Any CPU.ActiveCfg = Debug|Any CPU
		{78A88B3E-5F2D-4100-8213-BC6C2B47C95E}.DebugLocal|Any CPU.Build.0 = Debug|Any CPU
		{78A88B3E-5F2D-4100-8213-BC6C2B47C95E}.DebugLocal|ARM.ActiveCfg = Debug|Any CPU
		{78A88B3E-5F2D-4100-8213-BC6C2B47C95E}.DebugLocal|ARM.Build.0 = Debug|Any CPU
		{78A88B3E-5F2D-4100-8213-BC6C2B47C95E}.DebugLocal|iPhone.ActiveCfg = Debug|Any CPU
		{78A88B3E-5F2D-4100-8213-BC6C2B47C95E}.DebugLocal|iPhone.Build.0 = Debug|Any CPU
		{78A88B3E-5F2D-4100-8213-BC6C2B47C95E}.DebugLocal|iPhoneSimulator.ActiveCfg = Debug|Any CPU
		{78A88B3E-5F2D-4100-8213-BC6C2B47C95E}.DebugLocal|iPhoneSimulator.Build.0 = Debug|Any CPU
		{78A88B3E-5F2D-4100-8213-BC6C2B47C95E}.DebugLocal|x64.ActiveCfg = Debug|Any CPU
		{78A88B3E-5F2D-4100-8213-BC6C2B47C95E}.DebugLocal|x64.Build.0 = Debug|Any CPU
		{78A88B3E-5F2D-4100-8213-BC6C2B47C95E}.DebugLocal|x86.ActiveCfg = Debug|Any CPU
		{78A88B3E-5F2D-4100-8213-BC6C2B47C95E}.DebugLocal|x86.Build.0 = Debug|Any CPU
		{78A88B3E-5F2D-4100-8213-BC6C2B47C95E}.Release|Any CPU.ActiveCfg = Release|Any CPU
		{78A88B3E-5F2D-4100-8213-BC6C2B47C95E}.Release|Any CPU.Build.0 = Release|Any CPU
		{78A88B3E-5F2D-4100-8213-BC6C2B47C95E}.Release|ARM.ActiveCfg = Release|Any CPU
		{78A88B3E-5F2D-4100-8213-BC6C2B47C95E}.Release|ARM.Build.0 = Release|Any CPU
		{78A88B3E-5F2D-4100-8213-BC6C2B47C95E}.Release|iPhone.ActiveCfg = Release|Any CPU
		{78A88B3E-5F2D-4100-8213-BC6C2B47C95E}.Release|iPhone.Build.0 = Release|Any CPU
		{78A88B3E-5F2D-4100-8213-BC6C2B47C95E}.Release|iPhoneSimulator.ActiveCfg = Release|Any CPU
		{78A88B3E-5F2D-4100-8213-BC6C2B47C95E}.Release|iPhoneSimulator.Build.0 = Release|Any CPU
		{78A88B3E-5F2D-4100-8213-BC6C2B47C95E}.Release|x64.ActiveCfg = Release|Any CPU
		{78A88B3E-5F2D-4100-8213-BC6C2B47C95E}.Release|x64.Build.0 = Release|Any CPU
		{78A88B3E-5F2D-4100-8213-BC6C2B47C95E}.Release|x86.ActiveCfg = Release|Any CPU
		{78A88B3E-5F2D-4100-8213-BC6C2B47C95E}.Release|x86.Build.0 = Release|Any CPU
		{57E0DFE9-EC40-46D4-95BE-E522A809C43A}.Debug|Any CPU.ActiveCfg = Debug|Any CPU
		{57E0DFE9-EC40-46D4-95BE-E522A809C43A}.Debug|Any CPU.Build.0 = Debug|Any CPU
		{57E0DFE9-EC40-46D4-95BE-E522A809C43A}.Debug|ARM.ActiveCfg = Debug|Any CPU
		{57E0DFE9-EC40-46D4-95BE-E522A809C43A}.Debug|ARM.Build.0 = Debug|Any CPU
		{57E0DFE9-EC40-46D4-95BE-E522A809C43A}.Debug|iPhone.ActiveCfg = Debug|Any CPU
		{57E0DFE9-EC40-46D4-95BE-E522A809C43A}.Debug|iPhone.Build.0 = Debug|Any CPU
		{57E0DFE9-EC40-46D4-95BE-E522A809C43A}.Debug|iPhoneSimulator.ActiveCfg = Debug|Any CPU
		{57E0DFE9-EC40-46D4-95BE-E522A809C43A}.Debug|iPhoneSimulator.Build.0 = Debug|Any CPU
		{57E0DFE9-EC40-46D4-95BE-E522A809C43A}.Debug|x64.ActiveCfg = Debug|Any CPU
		{57E0DFE9-EC40-46D4-95BE-E522A809C43A}.Debug|x64.Build.0 = Debug|Any CPU
		{57E0DFE9-EC40-46D4-95BE-E522A809C43A}.Debug|x86.ActiveCfg = Debug|Any CPU
		{57E0DFE9-EC40-46D4-95BE-E522A809C43A}.Debug|x86.Build.0 = Debug|Any CPU
		{57E0DFE9-EC40-46D4-95BE-E522A809C43A}.DebugLocal|Any CPU.ActiveCfg = Debug|Any CPU
		{57E0DFE9-EC40-46D4-95BE-E522A809C43A}.DebugLocal|Any CPU.Build.0 = Debug|Any CPU
		{57E0DFE9-EC40-46D4-95BE-E522A809C43A}.DebugLocal|ARM.ActiveCfg = Debug|Any CPU
		{57E0DFE9-EC40-46D4-95BE-E522A809C43A}.DebugLocal|ARM.Build.0 = Debug|Any CPU
		{57E0DFE9-EC40-46D4-95BE-E522A809C43A}.DebugLocal|iPhone.ActiveCfg = Debug|Any CPU
		{57E0DFE9-EC40-46D4-95BE-E522A809C43A}.DebugLocal|iPhone.Build.0 = Debug|Any CPU
		{57E0DFE9-EC40-46D4-95BE-E522A809C43A}.DebugLocal|iPhoneSimulator.ActiveCfg = Debug|Any CPU
		{57E0DFE9-EC40-46D4-95BE-E522A809C43A}.DebugLocal|iPhoneSimulator.Build.0 = Debug|Any CPU
		{57E0DFE9-EC40-46D4-95BE-E522A809C43A}.DebugLocal|x64.ActiveCfg = Debug|Any CPU
		{57E0DFE9-EC40-46D4-95BE-E522A809C43A}.DebugLocal|x64.Build.0 = Debug|Any CPU
		{57E0DFE9-EC40-46D4-95BE-E522A809C43A}.DebugLocal|x86.ActiveCfg = Debug|Any CPU
		{57E0DFE9-EC40-46D4-95BE-E522A809C43A}.DebugLocal|x86.Build.0 = Debug|Any CPU
		{57E0DFE9-EC40-46D4-95BE-E522A809C43A}.Release|Any CPU.ActiveCfg = Release|Any CPU
		{57E0DFE9-EC40-46D4-95BE-E522A809C43A}.Release|Any CPU.Build.0 = Release|Any CPU
		{57E0DFE9-EC40-46D4-95BE-E522A809C43A}.Release|ARM.ActiveCfg = Release|Any CPU
		{57E0DFE9-EC40-46D4-95BE-E522A809C43A}.Release|ARM.Build.0 = Release|Any CPU
		{57E0DFE9-EC40-46D4-95BE-E522A809C43A}.Release|iPhone.ActiveCfg = Release|Any CPU
		{57E0DFE9-EC40-46D4-95BE-E522A809C43A}.Release|iPhone.Build.0 = Release|Any CPU
		{57E0DFE9-EC40-46D4-95BE-E522A809C43A}.Release|iPhoneSimulator.ActiveCfg = Release|Any CPU
		{57E0DFE9-EC40-46D4-95BE-E522A809C43A}.Release|iPhoneSimulator.Build.0 = Release|Any CPU
		{57E0DFE9-EC40-46D4-95BE-E522A809C43A}.Release|x64.ActiveCfg = Release|Any CPU
		{57E0DFE9-EC40-46D4-95BE-E522A809C43A}.Release|x64.Build.0 = Release|Any CPU
		{57E0DFE9-EC40-46D4-95BE-E522A809C43A}.Release|x86.ActiveCfg = Release|Any CPU
		{57E0DFE9-EC40-46D4-95BE-E522A809C43A}.Release|x86.Build.0 = Release|Any CPU
	EndGlobalSection
	GlobalSection(SolutionProperties) = preSolution
		HideSolutionNode = FALSE
	EndGlobalSection
	GlobalSection(ExtensibilityGlobals) = postSolution
		SolutionGuid = {A5F2B8B8-5E13-4B8E-BF6D-30E5A7F20922}
	EndGlobalSection
EndGlobal
